{
  "name": "exo-heroes-dex",
  "version": "1.0.0",
  "lockfileVersion": 2,
  "requires": true,
  "packages": {
    "": {
      "name": "exo-heroes-dex",
      "version": "1.0.0",
      "dependencies": {
        "express": "^4.17.1",
        "cors": "^2.8.5"
      }
    },
    "node_modules/cors": {
      "version": "2.8.5",
      "resolved": "https://registry.npmjs.org/cors/-/cors-2.8.5.tgz",
      "integrity": "sha512-K+xsQ56H6R2+51lZBTXw1yoD7jXVO+IL8AtyDDE3tvk+fdYwb0x42cLZfy7MkgJ...==",
      "dependencies": {
        "object-assign": "^4.1.1"
      }
    },
    "node_modules/express": {
      "version": "4.17.1",
      "resolved": "https://registry.npmjs.org/express/-/express-4.17.1.tgz",
      "integrity": "sha512-YgfjG+IsVD1lgJkFUPsjHz5nCqIjvO...==",
      "dependencies": {
        "accepts": "~1.3.7",
        "array-flatten": "1.1.1",
        "body-parser": "1.19.0"
      }
    }
  }
}
